[[package]]
name = "asgiref"
version = "3.3.4"
description = "ASGI specs, helper code, and adapters"
category = "main"
optional = false
python-versions = ">=3.6"

[package.extras]
tests = ["pytest", "pytest-asyncio", "mypy (>=0.800)"]

[[package]]
name = "django"
version = "3.2.3"
description = "A high-level Python Web framework that encourages rapid development and clean, pragmatic design."
category = "main"
optional = false
python-versions = ">=3.6"

[package.dependencies]
asgiref = ">=3.3.2,<4"
pytz = "*"
sqlparse = ">=0.2.2"

[package.extras]
argon2 = ["argon2-cffi (>=19.1.0)"]
bcrypt = ["bcrypt"]

[[package]]
name = "django-autoslug"
version = "1.9.8"
description = "An automated slug field for Django."
category = "main"
optional = false
python-versions = "*"

[package.extras]
cyrillic = ["pytils (>=0.2)"]
translitcodec = ["translitcodec (>=0.3)"]

[[package]]
name = "django-haystack"
version = "3.0"
description = "Pluggable search for Django."
category = "main"
optional = false
python-versions = "*"

[package.dependencies]
Django = ">=2.2"

[[package]]
name = "django-haystack-elasticsearch"
version = "0.1.0"
description = "A set of backends for using Elasticsearch on Haystack."
category = "main"
optional = false
python-versions = "*"

[package.dependencies]
django-haystack = ">=2.5.1"

[[package]]
name = "djangorestframework"
version = "3.12.4"
description = "Web APIs for Django, made easy."
category = "main"
optional = false
python-versions = ">=3.5"

[package.dependencies]
django = ">=2.2"

[[package]]
name = "drf-haystack"
version = "1.8.10"
description = "Makes Haystack play nice with Django REST Framework"
category = "main"
optional = false
python-versions = "*"

[package.dependencies]
Django = ">=2.2,<3.3"
django-haystack = ">=2.8,<3.1"
djangorestframework = ">=3.7,<3.13"
python-dateutil = "*"

[[package]]
name = "elasticsearch"
version = "5.5.3"
description = "Python client for Elasticsearch"
category = "main"
optional = false
python-versions = "*"

[package.dependencies]
urllib3 = ">=1.21.1"

[package.extras]
develop = ["requests (>=2.0.0,<3.0.0)", "nose", "coverage", "mock", "pyaml", "nosexcover", "sphinx", "sphinx-rtd-theme"]

[[package]]
name = "isort"
version = "5.8.0"
description = "A Python utility / library to sort Python imports."
category = "main"
optional = false
python-versions = ">=3.6,<4.0"

[package.extras]
pipfile_deprecated_finder = ["pipreqs", "requirementslib"]
requirements_deprecated_finder = ["pipreqs", "pip-api"]
colors = ["colorama (>=0.4.3,<0.5.0)"]

[[package]]
name = "python-dateutil"
version = "2.8.1"
description = "Extensions to the standard Python datetime module"
category = "main"
optional = false
python-versions = "!=3.0.*,!=3.1.*,!=3.2.*,>=2.7"

[package.dependencies]
six = ">=1.5"

[[package]]
name = "pytz"
version = "2021.1"
description = "World timezone definitions, modern and historical"
category = "main"
optional = false
python-versions = "*"

[[package]]
name = "six"
version = "1.16.0"
description = "Python 2 and 3 compatibility utilities"
category = "main"
optional = false
python-versions = ">=2.7, !=3.0.*, !=3.1.*, !=3.2.*"

[[package]]
name = "sqlparse"
version = "0.4.1"
description = "A non-validating SQL parser."
category = "main"
optional = false
python-versions = ">=3.5"

[[package]]
name = "urllib3"
version = "1.26.4"
description = "HTTP library with thread-safe connection pooling, file post, and more."
category = "main"
optional = false
python-versions = ">=2.7, !=3.0.*, !=3.1.*, !=3.2.*, !=3.3.*, !=3.4.*, <4"

[package.extras]
secure = ["pyOpenSSL (>=0.14)", "cryptography (>=1.3.4)", "idna (>=2.0.0)", "certifi", "ipaddress"]
socks = ["PySocks (>=1.5.6,!=1.5.7,<2.0)"]
brotli = ["brotlipy (>=0.6.0)"]

[metadata]
lock-version = "1.1"
python-versions = "^3.8"
content-hash = "1bea630270dfe9a92dde5e9530210cdbf058ff64e00552d9f5440259c271373f"

[metadata.files]
asgiref = [
    {file = "asgiref-3.3.4-py3-none-any.whl", hash = "sha256:92906c611ce6c967347bbfea733f13d6313901d54dcca88195eaeb52b2a8e8ee"},
    {file = "asgiref-3.3.4.tar.gz", hash = "sha256:d1216dfbdfb63826470995d31caed36225dcaf34f182e0fa257a4dd9e86f1b78"},
]
django = [
    {file = "Django-3.2.3-py3-none-any.whl", hash = "sha256:7e0a1393d18c16b503663752a8b6790880c5084412618990ce8a81cc908b4962"},
    {file = "Django-3.2.3.tar.gz", hash = "sha256:13ac78dbfd189532cad8f383a27e58e18b3d33f80009ceb476d7fcbfc5dcebd8"},
]
django-autoslug = [
    {file = "django-autoslug-1.9.8.tar.gz", hash = "sha256:bae66c27d35615f472865b99c4d107f3b3add3d22ee337e84960fc07694abd45"},
    {file = "django_autoslug-1.9.8-py2.py3-none-any.whl", hash = "sha256:26459eeddec207e307c55777a10fc25d17f4978753695340b16a17ed248a6f70"},
]
django-haystack = [
    {file = "django-haystack-3.0.tar.gz", hash = "sha256:d490f920afa85471dd1fa5000bc8eff4b704daacbe09aee1a64e75cbc426f3be"},
]
django-haystack-elasticsearch = [
    {file = "django_haystack_elasticsearch-0.1.0-py2.py3-none-any.whl", hash = "sha256:10ca05bdb94ad471d148f0e8b3e7b2452ced8cb0a57171116aa9c12e416b3e48"},
]
djangorestframework = [
    {file = "djangorestframework-3.12.4-py3-none-any.whl", hash = "sha256:6d1d59f623a5ad0509fe0d6bfe93cbdfe17b8116ebc8eda86d45f6e16e819aaf"},
    {file = "djangorestframework-3.12.4.tar.gz", hash = "sha256:f747949a8ddac876e879190df194b925c177cdeb725a099db1460872f7c0a7f2"},
]
drf-haystack = [
    {file = "drf-haystack-1.8.10.tar.gz", hash = "sha256:e091e4c13110117916cdd247d30b6314451be9e2f1183db60a61ab1031b13b55"},
    {file = "drf_haystack-1.8.10-py2.py3-none-any.whl", hash = "sha256:25d504c863637b833f864206481c541fef2df2e1ef3a90ae90e998f4d862e160"},
]
elasticsearch = [
    {file = "elasticsearch-5.5.3-py2.py3-none-any.whl", hash = "sha256:658380fd60bdaf746fef12958f0abc49063218ce93ee1ae4ca1fe6291c896433"},
    {file = "elasticsearch-5.5.3.tar.gz", hash = "sha256:ae91b089f2f2b5b3daa04297949e5f805ab12d187218cb587273f472656fd250"},
]
isort = [
    {file = "isort-5.8.0-py3-none-any.whl", hash = "sha256:2bb1680aad211e3c9944dbce1d4ba09a989f04e238296c87fe2139faa26d655d"},
    {file = "isort-5.8.0.tar.gz", hash = "sha256:0a943902919f65c5684ac4e0154b1ad4fac6dcaa5d9f3426b732f1c8b5419be6"},
]
python-dateutil = [
    {file = "python-dateutil-2.8.1.tar.gz", hash = "sha256:73ebfe9dbf22e832286dafa60473e4cd239f8592f699aa5adaf10050e6e1823c"},
    {file = "python_dateutil-2.8.1-py2.py3-none-any.whl", hash = "sha256:75bb3f31ea686f1197762692a9ee6a7550b59fc6ca3a1f4b5d7e32fb98e2da2a"},
]
pytz = [
    {file = "pytz-2021.1-py2.py3-none-any.whl", hash = "sha256:eb10ce3e7736052ed3623d49975ce333bcd712c7bb19a58b9e2089d4057d0798"},
    {file = "pytz-2021.1.tar.gz", hash = "sha256:83a4a90894bf38e243cf052c8b58f381bfe9a7a483f6a9cab140bc7f702ac4da"},
]
six = [
    {file = "six-1.16.0-py2.py3-none-any.whl", hash = "sha256:8abb2f1d86890a2dfb989f9a77cfcfd3e47c2a354b01111771326f8aa26e0254"},
    {file = "six-1.16.0.tar.gz", hash = "sha256:1e61c37477a1626458e36f7b1d82aa5c9b094fa4802892072e49de9c60c4c926"},
]
sqlparse = [
    {file = "sqlparse-0.4.1-py3-none-any.whl", hash = "sha256:017cde379adbd6a1f15a61873f43e8274179378e95ef3fede90b5aa64d304ed0"},
    {file = "sqlparse-0.4.1.tar.gz", hash = "sha256:0f91fd2e829c44362cbcfab3e9ae12e22badaa8a29ad5ff599f9ec109f0454e8"},
]
urllib3 = [
    {file = "urllib3-1.26.4-py2.py3-none-any.whl", hash = "sha256:2f4da4594db7e1e110a944bb1b551fdf4e6c136ad42e4234131391e21eb5b0df"},
    {file = "urllib3-1.26.4.tar.gz", hash = "sha256:e7b021f7241115872f92f43c6508082facffbd1c048e3c6e2bb9c2a157e28937"},
]
